// !$*UTF8*$!
{
	archiveVersion = 1;
	classes = {
	};
	objectVersion = 48;
	objects = {

/* Begin PBXBuildFile section */
		D2604C631FFE787400D0564A /* AppDelegate.swift in Sources */ = {isa = PBXBuildFile; fileRef = D2604C621FFE787400D0564A /* AppDelegate.swift */; };
		D2604C651FFE787400D0564A /* GameScene.sks in Resources */ = {isa = PBXBuildFile; fileRef = D2604C641FFE787400D0564A /* GameScene.sks */; };
		D2604C691FFE787400D0564A /* GameScene.swift in Sources */ = {isa = PBXBuildFile; fileRef = D2604C681FFE787400D0564A /* GameScene.swift */; };
		D2604C6B1FFE787400D0564A /* GameViewController.swift in Sources */ = {isa = PBXBuildFile; fileRef = D2604C6A1FFE787400D0564A /* GameViewController.swift */; };
		D2604C6E1FFE787400D0564A /* Main.storyboard in Resources */ = {isa = PBXBuildFile; fileRef = D2604C6C1FFE787400D0564A /* Main.storyboard */; };
		D2604C701FFE787400D0564A /* Assets.xcassets in Resources */ = {isa = PBXBuildFile; fileRef = D2604C6F1FFE787400D0564A /* Assets.xcassets */; };
		D2604C731FFE787400D0564A /* LaunchScreen.storyboard in Resources */ = {isa = PBXBuildFile; fileRef = D2604C711FFE787400D0564A /* LaunchScreen.storyboard */; };
		D2604C911FFE7C7B00D0564A /* sliceFuse.sks in Resources */ = {isa = PBXBuildFile; fileRef = D2604C7B1FFE7C7A00D0564A /* sliceFuse.sks */; };
		D2604C921FFE7C7B00D0564A /* sliceLife@2x.png in Resources */ = {isa = PBXBuildFile; fileRef = D2604C7C1FFE7C7A00D0564A /* sliceLife@2x.png */; };
		D2604C931FFE7C7B00D0564A /* sliceBomb@2x.png in Resources */ = {isa = PBXBuildFile; fileRef = D2604C7D1FFE7C7A00D0564A /* sliceBomb@2x.png */; };
		D2604C941FFE7C7B00D0564A /* sliceBackground.png in Resources */ = {isa = PBXBuildFile; fileRef = D2604C7E1FFE7C7A00D0564A /* sliceBackground.png */; };
		D2604C951FFE7C7B00D0564A /* sliceLifeGone@2x.png in Resources */ = {isa = PBXBuildFile; fileRef = D2604C7F1FFE7C7A00D0564A /* sliceLifeGone@2x.png */; };
		D2604C961FFE7C7B00D0564A /* spark.png in Resources */ = {isa = PBXBuildFile; fileRef = D2604C801FFE7C7A00D0564A /* spark.png */; };
		D2604C971FFE7C7B00D0564A /* wrong.caf in Resources */ = {isa = PBXBuildFile; fileRef = D2604C811FFE7C7A00D0564A /* wrong.caf */; };
		D2604C981FFE7C7B00D0564A /* whack.caf in Resources */ = {isa = PBXBuildFile; fileRef = D2604C821FFE7C7A00D0564A /* whack.caf */; };
		D2604C991FFE7C7B00D0564A /* launch.caf in Resources */ = {isa = PBXBuildFile; fileRef = D2604C831FFE7C7A00D0564A /* launch.caf */; };
		D2604C9A1FFE7C7B00D0564A /* penguin.png in Resources */ = {isa = PBXBuildFile; fileRef = D2604C841FFE7C7A00D0564A /* penguin.png */; };
		D2604C9B1FFE7C7B00D0564A /* explosion.caf in Resources */ = {isa = PBXBuildFile; fileRef = D2604C851FFE7C7A00D0564A /* explosion.caf */; };
		D2604C9C1FFE7C7B00D0564A /* sliceBackground@2x.png in Resources */ = {isa = PBXBuildFile; fileRef = D2604C861FFE7C7A00D0564A /* sliceBackground@2x.png */; };
		D2604C9D1FFE7C7B00D0564A /* sliceBomb.png in Resources */ = {isa = PBXBuildFile; fileRef = D2604C871FFE7C7A00D0564A /* sliceBomb.png */; };
		D2604C9E1FFE7C7B00D0564A /* sliceLifeGone.png in Resources */ = {isa = PBXBuildFile; fileRef = D2604C881FFE7C7A00D0564A /* sliceLifeGone.png */; };
		D2604C9F1FFE7C7B00D0564A /* sliceHitEnemy.sks in Resources */ = {isa = PBXBuildFile; fileRef = D2604C891FFE7C7A00D0564A /* sliceHitEnemy.sks */; };
		D2604CA01FFE7C7B00D0564A /* sliceBombFuse.caf in Resources */ = {isa = PBXBuildFile; fileRef = D2604C8A1FFE7C7A00D0564A /* sliceBombFuse.caf */; };
		D2604CA11FFE7C7B00D0564A /* sliceHitBomb.sks in Resources */ = {isa = PBXBuildFile; fileRef = D2604C8B1FFE7C7A00D0564A /* sliceHitBomb.sks */; };
		D2604CA21FFE7C7B00D0564A /* penguin@2x.png in Resources */ = {isa = PBXBuildFile; fileRef = D2604C8C1FFE7C7A00D0564A /* penguin@2x.png */; };
		D2604CA31FFE7C7B00D0564A /* sliceLife.png in Resources */ = {isa = PBXBuildFile; fileRef = D2604C8D1FFE7C7A00D0564A /* sliceLife.png */; };
		D2604CA41FFE7C7B00D0564A /* swoosh3.caf in Resources */ = {isa = PBXBuildFile; fileRef = D2604C8E1FFE7C7A00D0564A /* swoosh3.caf */; };
		D2604CA51FFE7C7B00D0564A /* swoosh2.caf in Resources */ = {isa = PBXBuildFile; fileRef = D2604C8F1FFE7C7A00D0564A /* swoosh2.caf */; };
		D2604CA61FFE7C7B00D0564A /* swoosh1.caf in Resources */ = {isa = PBXBuildFile; fileRef = D2604C901FFE7C7A00D0564A /* swoosh1.caf */; };
		D2604CA81FFE7C8300D0564A /* Helper.swift in Sources */ = {isa = PBXBuildFile; fileRef = D2604CA71FFE7C8300D0564A /* Helper.swift */; };
/* End PBXBuildFile section */

/* Begin PBXFileReference section */
		D2604C5F1FFE787300D0564A /* SwiftyNinja.app */ = {isa = PBXFileReference; explicitFileType = wrapper.application; includeInIndex = 0; path = SwiftyNinja.app; sourceTree = BUILT_PRODUCTS_DIR; };
		D2604C621FFE787400D0564A /* AppDelegate.swift */ = {isa = PBXFileReference; lastKnownFileType = sourcecode.swift; path = AppDelegate.swift; sourceTree = "<group>"; };
		D2604C641FFE787400D0564A /* GameScene.sks */ = {isa = PBXFileReference; lastKnownFileType = file.sks; path = GameScene.sks; sourceTree = "<group>"; };
		D2604C681FFE787400D0564A /* GameScene.swift */ = {isa = PBXFileReference; lastKnownFileType = sourcecode.swift; path = GameScene.swift; sourceTree = "<group>"; };
		D2604C6A1FFE787400D0564A /* GameViewController.swift */ = {isa = PBXFileReference; lastKnownFileType = sourcecode.swift; path = GameViewController.swift; sourceTree = "<group>"; };
		D2604C6D1FFE787400D0564A /* Base */ = {isa = PBXFileReference; lastKnownFileType = file.storyboard; name = Base; path = Base.lproj/Main.storyboard; sourceTree = "<group>"; };
		D2604C6F1FFE787400D0564A /* Assets.xcassets */ = {isa = PBXFileReference; lastKnownFileType = folder.assetcatalog; path = Assets.xcassets; sourceTree = "<group>"; };
		D2604C721FFE787400D0564A /* Base */ = {isa = PBXFileReference; lastKnownFileType = file.storyboard; name = Base; path = Base.lproj/LaunchScreen.storyboard; sourceTree = "<group>"; };
		D2604C741FFE787400D0564A /* Info.plist */ = {isa = PBXFileReference; lastKnownFileType = text.plist.xml; path = Info.plist; sourceTree = "<group>"; };
		D2604C7B1FFE7C7A00D0564A /* sliceFuse.sks */ = {isa = PBXFileReference; lastKnownFileType = file.sks; path = sliceFuse.sks; sourceTree = "<group>"; };
		D2604C7C1FFE7C7A00D0564A /* sliceLife@2x.png */ = {isa = PBXFileReference; lastKnownFileType = image.png; path = "sliceLife@2x.png"; sourceTree = "<group>"; };
		D2604C7D1FFE7C7A00D0564A /* sliceBomb@2x.png */ = {isa = PBXFileReference; lastKnownFileType = image.png; path = "sliceBomb@2x.png"; sourceTree = "<group>"; };
		D2604C7E1FFE7C7A00D0564A /* sliceBackground.png */ = {isa = PBXFileReference; lastKnownFileType = image.png; path = sliceBackground.png; sourceTree = "<group>"; };
		D2604C7F1FFE7C7A00D0564A /* sliceLifeGone@2x.png */ = {isa = PBXFileReference; lastKnownFileType = image.png; path = "sliceLifeGone@2x.png"; sourceTree = "<group>"; };
		D2604C801FFE7C7A00D0564A /* spark.png */ = {isa = PBXFileReference; lastKnownFileType = image.png; path = spark.png; sourceTree = "<group>"; };
		D2604C811FFE7C7A00D0564A /* wrong.caf */ = {isa = PBXFileReference; lastKnownFileType = file; path = wrong.caf; sourceTree = "<group>"; };
		D2604C821FFE7C7A00D0564A /* whack.caf */ = {isa = PBXFileReference; lastKnownFileType = file; path = whack.caf; sourceTree = "<group>"; };
		D2604C831FFE7C7A00D0564A /* launch.caf */ = {isa = PBXFileReference; lastKnownFileType = file; path = launch.caf; sourceTree = "<group>"; };
		D2604C841FFE7C7A00D0564A /* penguin.png */ = {isa = PBXFileReference; lastKnownFileType = image.png; path = penguin.png; sourceTree = "<group>"; };
		D2604C851FFE7C7A00D0564A /* explosion.caf */ = {isa = PBXFileReference; lastKnownFileType = file; path = explosion.caf; sourceTree = "<group>"; };
		D2604C861FFE7C7A00D0564A /* sliceBackground@2x.png */ = {isa = PBXFileReference; lastKnownFileType = image.png; path = "sliceBackground@2x.png"; sourceTree = "<group>"; };
		D2604C871FFE7C7A00D0564A /* sliceBomb.png */ = {isa = PBXFileReference; lastKnownFileType = image.png; path = sliceBomb.png; sourceTree = "<group>"; };
		D2604C881FFE7C7A00D0564A /* sliceLifeGone.png */ = {isa = PBXFileReference; lastKnownFileType = image.png; path = sliceLifeGone.png; sourceTree = "<group>"; };
		D2604C891FFE7C7A00D0564A /* sliceHitEnemy.sks */ = {isa = PBXFileReference; lastKnownFileType = file.sks; path = sliceHitEnemy.sks; sourceTree = "<group>"; };
		D2604C8A1FFE7C7A00D0564A /* sliceBombFuse.caf */ = {isa = PBXFileReference; lastKnownFileType = file; path = sliceBombFuse.caf; sourceTree = "<group>"; };
		D2604C8B1FFE7C7A00D0564A /* sliceHitBomb.sks */ = {isa = PBXFileReference; lastKnownFileType = file.sks; path = sliceHitBomb.sks; sourceTree = "<group>"; };
		D2604C8C1FFE7C7A00D0564A /* penguin@2x.png */ = {isa = PBXFileReference; lastKnownFileType = image.png; path = "penguin@2x.png"; sourceTree = "<group>"; };
		D2604C8D1FFE7C7A00D0564A /* sliceLife.png */ = {isa = PBXFileReference; lastKnownFileType = image.png; path = sliceLife.png; sourceTree = "<group>"; };
		D2604C8E1FFE7C7A00D0564A /* swoosh3.caf */ = {isa = PBXFileReference; lastKnownFileType = file; path = swoosh3.caf; sourceTree = "<group>"; };
		D2604C8F1FFE7C7A00D0564A /* swoosh2.caf */ = {isa = PBXFileReference; lastKnownFileType = file; path = swoosh2.caf; sourceTree = "<group>"; };
		D2604C901FFE7C7A00D0564A /* swoosh1.caf */ = {isa = PBXFileReference; lastKnownFileType = file; path = swoosh1.caf; sourceTree = "<group>"; };
		D2604CA71FFE7C8300D0564A /* Helper.swift */ = {isa = PBXFileReference; fileEncoding = 4; lastKnownFileType = sourcecode.swift; path = Helper.swift; sourceTree = "<group>"; };
/* End PBXFileReference section */

/* Begin PBXFrameworksBuildPhase section */
		D2604C5C1FFE787300D0564A /* Frameworks */ = {
			isa = PBXFrameworksBuildPhase;
			buildActionMask = 2147483647;
			files = (
			);
			runOnlyForDeploymentPostprocessing = 0;
		};
/* End PBXFrameworksBuildPhase section */

/* Begin PBXGroup section */
		D2604C561FFE787300D0564A = {
			isa = PBXGroup;
			children = (
				D2604C611FFE787400D0564A /* SwiftyNinja */,
				D2604C601FFE787300D0564A /* Products */,
			);
			sourceTree = "<group>";
		};
		D2604C601FFE787300D0564A /* Products */ = {
			isa = PBXGroup;
			children = (
				D2604C5F1FFE787300D0564A /* SwiftyNinja.app */,
			);
			name = Products;
			sourceTree = "<group>";
		};
		D2604C611FFE787400D0564A /* SwiftyNinja */ = {
			isa = PBXGroup;
			children = (
				D2604C621FFE787400D0564A /* AppDelegate.swift */,
				D2604C641FFE787400D0564A /* GameScene.sks */,
				D2604C681FFE787400D0564A /* GameScene.swift */,
				D2604C6A1FFE787400D0564A /* GameViewController.swift */,
				D2604CA71FFE7C8300D0564A /* Helper.swift */,
				D2604C6C1FFE787400D0564A /* Main.storyboard */,
				D2604C6F1FFE787400D0564A /* Assets.xcassets */,
				D2604C711FFE787400D0564A /* LaunchScreen.storyboard */,
				D2604C741FFE787400D0564A /* Info.plist */,
				D2604C7A1FFE7C7A00D0564A /* Content */,
			);
			path = SwiftyNinja;
			sourceTree = "<group>";
		};
		D2604C7A1FFE7C7A00D0564A /* Content */ = {
			isa = PBXGroup;
			children = (
				D2604C7B1FFE7C7A00D0564A /* sliceFuse.sks */,
				D2604C7C1FFE7C7A00D0564A /* sliceLife@2x.png */,
				D2604C7D1FFE7C7A00D0564A /* sliceBomb@2x.png */,
				D2604C7E1FFE7C7A00D0564A /* sliceBackground.png */,
				D2604C7F1FFE7C7A00D0564A /* sliceLifeGone@2x.png */,
				D2604C801FFE7C7A00D0564A /* spark.png */,
				D2604C811FFE7C7A00D0564A /* wrong.caf */,
				D2604C821FFE7C7A00D0564A /* whack.caf */,
				D2604C831FFE7C7A00D0564A /* launch.caf */,
				D2604C841FFE7C7A00D0564A /* penguin.png */,
				D2604C851FFE7C7A00D0564A /* explosion.caf */,
				D2604C861FFE7C7A00D0564A /* sliceBackground@2x.png */,
				D2604C871FFE7C7A00D0564A /* sliceBomb.png */,
				D2604C881FFE7C7A00D0564A /* sliceLifeGone.png */,
				D2604C891FFE7C7A00D0564A /* sliceHitEnemy.sks */,
				D2604C8A1FFE7C7A00D0564A /* sliceBombFuse.caf */,
				D2604C8B1FFE7C7A00D0564A /* sliceHitBomb.sks */,
				D2604C8C1FFE7C7A00D0564A /* penguin@2x.png */,
				D2604C8D1FFE7C7A00D0564A /* sliceLife.png */,
				D2604C8E1FFE7C7A00D0564A /* swoosh3.caf */,
				D2604C8F1FFE7C7A00D0564A /* swoosh2.caf */,
				D2604C901FFE7C7A00D0564A /* swoosh1.caf */,
			);
			path = Content;
			sourceTree = "<group>";
		};
/* End PBXGroup section */

/* Begin PBXNativeTarget section */
		D2604C5E1FFE787300D0564A /* SwiftyNinja */ = {
			isa = PBXNativeTarget;
			buildConfigurationList = D2604C771FFE787400D0564A /* Build configuration list for PBXNativeTarget "SwiftyNinja" */;
			buildPhases = (
				D2604C5B1FFE787300D0564A /* Sources */,
				D2604C5C1FFE787300D0564A /* Frameworks */,
				D2604C5D1FFE787300D0564A /* Resources */,
			);
			buildRules = (
			);
			dependencies = (
			);
			name = SwiftyNinja;
			productName = SwiftyNinja;
			productReference = D2604C5F1FFE787300D0564A /* SwiftyNinja.app */;
			productType = "com.apple.product-type.application";
		};
/* End PBXNativeTarget section */

/* Begin PBXProject section */
		D2604C571FFE787300D0564A /* Project object */ = {
			isa = PBXProject;
			attributes = {
				LastSwiftUpdateCheck = 0920;
				LastUpgradeCheck = 0920;
				ORGANIZATIONNAME = "Yury Shkoda";
				TargetAttributes = {
					D2604C5E1FFE787300D0564A = {
						CreatedOnToolsVersion = 9.2;
						ProvisioningStyle = Automatic;
					};
				};
			};
			buildConfigurationList = D2604C5A1FFE787300D0564A /* Build configuration list for PBXProject "SwiftyNinja" */;
			compatibilityVersion = "Xcode 8.0";
			developmentRegion = en;
			hasScannedForEncodings = 0;
			knownRegions = (
				en,
				Base,
			);
			mainGroup = D2604C561FFE787300D0564A;
			productRefGroup = D2604C601FFE787300D0564A /* Products */;
			projectDirPath = "";
			projectRoot = "";
			targets = (
				D2604C5E1FFE787300D0564A /* SwiftyNinja */,
			);
		};
/* End PBXProject section */

/* Begin PBXResourcesBuildPhase section */
		D2604C5D1FFE787300D0564A /* Resources */ = {
			isa = PBXResourcesBuildPhase;
			buildActionMask = 2147483647;
			files = (
				D2604CA01FFE7C7B00D0564A /* sliceBombFuse.caf in Resources */,
				D2604CA61FFE7C7B00D0564A /* swoosh1.caf in Resources */,
				D2604C9A1FFE7C7B00D0564A /* penguin.png in Resources */,
				D2604C6E1FFE787400D0564A /* Main.storyboard in Resources */,
				D2604C9D1FFE7C7B00D0564A /* sliceBomb.png in Resources */,
				D2604C991FFE7C7B00D0564A /* launch.caf in Resources */,
				D2604C9C1FFE7C7B00D0564A /* sliceBackground@2x.png in Resources */,
				D2604C951FFE7C7B00D0564A /* sliceLifeGone@2x.png in Resources */,
				D2604C921FFE7C7B00D0564A /* sliceLife@2x.png in Resources */,
				D2604C651FFE787400D0564A /* GameScene.sks in Resources */,
				D2604C931FFE7C7B00D0564A /* sliceBomb@2x.png in Resources */,
				D2604CA51FFE7C7B00D0564A /* swoosh2.caf in Resources */,
				D2604C9F1FFE7C7B00D0564A /* sliceHitEnemy.sks in Resources */,
				D2604C961FFE7C7B00D0564A /* spark.png in Resources */,
				D2604C911FFE7C7B00D0564A /* sliceFuse.sks in Resources */,
				D2604C701FFE787400D0564A /* Assets.xcassets in Resources */,
				D2604C941FFE7C7B00D0564A /* sliceBackground.png in Resources */,
				D2604C971FFE7C7B00D0564A /* wrong.caf in Resources */,
				D2604C9B1FFE7C7B00D0564A /* explosion.caf in Resources */,
				D2604CA41FFE7C7B00D0564A /* swoosh3.caf in Resources */,
				D2604C731FFE787400D0564A /* LaunchScreen.storyboard in Resources */,
				D2604CA11FFE7C7B00D0564A /* sliceHitBomb.sks in Resources */,
				D2604C981FFE7C7B00D0564A /* whack.caf in Resources */,
				D2604CA31FFE7C7B00D0564A /* sliceLife.png in Resources */,
				D2604C9E1FFE7C7B00D0564A /* sliceLifeGone.png in Resources */,
				D2604CA21FFE7C7B00D0564A /* penguin@2x.png in Resources */,
			);
			runOnlyForDeploymentPostprocessing = 0;
		};
/* End PBXResourcesBuildPhase section */

/* Begin PBXSourcesBuildPhase section */
		D2604C5B1FFE787300D0564A /* Sources */ = {
			isa = PBXSourcesBuildPhase;
			buildActionMask = 2147483647;
			files = (
				D2604C691FFE787400D0564A /* GameScene.swift in Sources */,
				D2604C6B1FFE787400D0564A /* GameViewController.swift in Sources */,
				D2604C631FFE787400D0564A /* AppDelegate.swift in Sources */,
				D2604CA81FFE7C8300D0564A /* Helper.swift in Sources */,
			);
			runOnlyForDeploymentPostprocessing = 0;
		};
/* End PBXSourcesBuildPhase section */

/* Begin PBXVariantGroup section */
		D2604C6C1FFE787400D0564A /* Main.storyboard */ = {
			isa = PBXVariantGroup;
			children = (
				D2604C6D1FFE787400D0564A /* Base */,
			);
			name = Main.storyboard;
			sourceTree = "<group>";
		};
		D2604C711FFE787400D0564A /* LaunchScreen.storyboard */ = {
			isa = PBXVariantGroup;
			children = (
				D2604C721FFE787400D0564A /* Base */,
			);
			name = LaunchScreen.storyboard;
			sourceTree = "<group>";
		};
/* End PBXVariantGroup section */

/* Begin XCBuildConfiguration section */
		D2604C751FFE787400D0564A /* Debug */ = {
			isa = XCBuildConfiguration;
			buildSettings = {
				ALWAYS_SEARCH_USER_PATHS = NO;
				CLANG_ANALYZER_NONNULL = YES;
				CLANG_ANALYZER_NUMBER_OBJECT_CONVERSION = YES_AGGRESSIVE;
				CLANG_CXX_LANGUAGE_STANDARD = "gnu++14";
				CLANG_CXX_LIBRARY = "libc++";
				CLANG_ENABLE_MODULES = YES;
				CLANG_ENABLE_OBJC_ARC = YES;
				CLANG_WARN_BLOCK_CAPTURE_AUTORELEASING = YES;
				CLANG_WARN_BOOL_CONVERSION = YES;
				CLANG_WARN_COMMA = YES;
				CLANG_WARN_CONSTANT_CONVERSION = YES;
				CLANG_WARN_DIRECT_OBJC_ISA_USAGE = YES_ERROR;
				CLANG_WARN_DOCUMENTATION_COMMENTS = YES;
				CLANG_WARN_EMPTY_BODY = YES;
				CLANG_WARN_ENUM_CONVERSION = YES;
				CLANG_WARN_INFINITE_RECURSION = YES;
				CLANG_WARN_INT_CONVERSION = YES;
				CLANG_WARN_NON_LITERAL_NULL_CONVERSION = YES;
				CLANG_WARN_OBJC_LITERAL_CONVERSION = YES;
				CLANG_WARN_OBJC_ROOT_CLASS = YES_ERROR;
				CLANG_WARN_RANGE_LOOP_ANALYSIS = YES;
				CLANG_WARN_STRICT_PROTOTYPES = YES;
				CLANG_WARN_SUSPICIOUS_MOVE = YES;
				CLANG_WARN_UNGUARDED_AVAILABILITY = YES_AGGRESSIVE;
				CLANG_WARN_UNREACHABLE_CODE = YES;
				CLANG_WARN__DUPLICATE_METHOD_MATCH = YES;
				CODE_SIGN_IDENTITY = "iPhone Developer";
				COPY_PHASE_STRIP = NO;
				DEBUG_INFORMATION_FORMAT = dwarf;
				ENABLE_STRICT_OBJC_MSGSEND = YES;
				ENABLE_TESTABILITY = YES;
				GCC_C_LANGUAGE_STANDARD = gnu11;
				GCC_DYNAMIC_NO_PIC = NO;
				GCC_NO_COMMON_BLOCKS = YES;
				GCC_OPTIMIZATION_LEVEL = 0;
				GCC_PREPROCESSOR_DEFINITIONS = (
					"DEBUG=1",
					"$(inherited)",
				);
				GCC_WARN_64_TO_32_BIT_CONVERSION = YES;
				GCC_WARN_ABOUT_RETURN_TYPE = YES_ERROR;
				GCC_WARN_UNDECLARED_SELECTOR = YES;
				GCC_WARN_UNINITIALIZED_AUTOS = YES_AGGRESSIVE;
				GCC_WARN_UNUSED_FUNCTION = YES;
				GCC_WARN_UNUSED_VARIABLE = YES;
				IPHONEOS_DEPLOYMENT_TARGET = 11.2;
				MTL_ENABLE_DEBUG_INFO = YES;
				ONLY_ACTIVE_ARCH = YES;
				SDKROOT = iphoneos;
				SWIFT_ACTIVE_COMPILATION_CONDITIONS = DEBUG;
				SWIFT_OPTIMIZATION_LEVEL = "-Onone";
			};
			name = Debug;
		};
		D2604C761FFE787400D0564A /* Release */ = {
			isa = XCBuildConfiguration;
			buildSettings = {
				ALWAYS_SEARCH_USER_PATHS = NO;
				CLANG_ANALYZER_NONNULL = YES;
				CLANG_ANALYZER_NUMBER_OBJECT_CONVERSION = YES_AGGRESSIVE;
				CLANG_CXX_LANGUAGE_STANDARD = "gnu++14";
				CLANG_CXX_LIBRARY = "libc++";
				CLANG_ENABLE_MODULES = YES;
				CLANG_ENABLE_OBJC_ARC = YES;
				CLANG_WARN_BLOCK_CAPTURE_AUTORELEASING = YES;
				CLANG_WARN_BOOL_CONVERSION = YES;
				CLANG_WARN_COMMA = YES;
				CLANG_WARN_CONSTANT_CONVERSION = YES;
				CLANG_WARN_DIRECT_OBJC_ISA_USAGE = YES_ERROR;
				CLANG_WARN_DOCUMENTATION_COMMENTS = YES;
				CLANG_WARN_EMPTY_BODY = YES;
				CLANG_WARN_ENUM_CONVERSION = YES;
				CLANG_WARN_INFINITE_RECURSION = YES;
				CLANG_WARN_INT_CONVERSION = YES;
				CLANG_WARN_NON_LITERAL_NULL_CONVERSION = YES;
				CLANG_WARN_OBJC_LITERAL_CONVERSION = YES;
				CLANG_WARN_OBJC_ROOT_CLASS = YES_ERROR;
				CLANG_WARN_RANGE_LOOP_ANALYSIS = YES;
				CLANG_WARN_STRICT_PROTOTYPES = YES;
				CLANG_WARN_SUSPICIOUS_MOVE = YES;
				CLANG_WARN_UNGUARDED_AVAILABILITY = YES_AGGRESSIVE;
				CLANG_WARN_UNREACHABLE_CODE = YES;
				CLANG_WARN__DUPLICATE_METHOD_MATCH = YES;
				CODE_SIGN_IDENTITY = "iPhone Developer";
				COPY_PHASE_STRIP = NO;
				DEBUG_INFORMATION_FORMAT = "dwarf-with-dsym";
				ENABLE_NS_ASSERTIONS = NO;
				ENABLE_STRICT_OBJC_MSGSEND = YES;
				GCC_C_LANGUAGE_STANDARD = gnu11;
				GCC_NO_COMMON_BLOCKS = YES;
				GCC_WARN_64_TO_32_BIT_CONVERSION = YES;
				GCC_WARN_ABOUT_RETURN_TYPE = YES_ERROR;
				GCC_WARN_UNDECLARED_SELECTOR = YES;
				GCC_WARN_UNINITIALIZED_AUTOS = YES_AGGRESSIVE;
				GCC_WARN_UNUSED_FUNCTION = YES;
				GCC_WARN_UNUSED_VARIABLE = YES;
				IPHONEOS_DEPLOYMENT_TARGET = 11.2;
				MTL_ENABLE_DEBUG_INFO = NO;
				SDKROOT = iphoneos;
				SWIFT_OPTIMIZATION_LEVEL = "-Owholemodule";
				VALIDATE_PRODUCT = YES;
			};
			name = Release;
		};
		D2604C781FFE787400D0564A /* Debug */ = {
			isa = XCBuildConfiguration;
			buildSettings = {
				ASSETCATALOG_COMPILER_APPICON_NAME = AppIcon;
				CODE_SIGN_STYLE = Automatic;
				DEVELOPMENT_TEAM = F524X8MS5B;
				INFOPLIST_FILE = SwiftyNinja/Info.plist;
				LD_RUNPATH_SEARCH_PATHS = "$(inherited) @executable_path/Frameworks";
				PRODUCT_BUNDLE_IDENTIFIER = Yurec.SwiftyNinja;
				PRODUCT_NAME = "$(TARGET_NAME)";
				SWIFT_VERSION = 4.0;
				TARGETED_DEVICE_FAMILY = 2;
			};
			name = Debug;
		};
		D2604C791FFE787400D0564A /* Release */ = {
			isa = XCBuildConfiguration;
			buildSettings = {
				ASSETCATALOG_COMPILER_APPICON_NAME = AppIcon;
				CODE_SIGN_STYLE = Automatic;
				DEVELOPMENT_TEAM = F524X8MS5B;
				INFOPLIST_FILE = SwiftyNinja/Info.plist;
				LD_RUNPATH_SEARCH_PATHS = "$(inherited) @executable_path/Frameworks";
				PRODUCT_BUNDLE_IDENTIFIER = Yurec.SwiftyNinja;
				PRODUCT_NAME = "$(TARGET_NAME)";
				SWIFT_VERSION = 4.0;
				TARGETED_DEVICE_FAMILY = 2;
			};
			name = Release;
		};
/* End XCBuildConfiguration section */

/* Begin XCConfigurationList section */
		D2604C5A1FFE787300D0564A /* Build configuration list for PBXProject "SwiftyNinja" */ = {
			isa = XCConfigurationList;
			buildConfigurations = (
				D2604C751FFE787400D0564A /* Debug */,
				D2604C761FFE787400D0564A /* Release */,
			);
			defaultConfigurationIsVisible = 0;
			defaultConfigurationName = Release;
		};
		D2604C771FFE787400D0564A /* Build configuration list for PBXNativeTarget "SwiftyNinja" */ = {
			isa = XCConfigurationList;
			buildConfigurations = (
				D2604C781FFE787400D0564A /* Debug */,
				D2604C791FFE787400D0564A /* Release */,
			);
			defaultConfigurationIsVisible = 0;
			defaultConfigurationName = Release;
		};
/* End XCConfigurationList section */
	};
	rootObject = D2604C571FFE787300D0564A /* Project object */;
}
